
Microsoft Visual Studio Solution File, Format Version 12.00
# Visual Studio Version 16
VisualStudioVersion = 16.0.31729.503
MinimumVisualStudioVersion = 10.0.40219.1
Project("{9A19103F-16F7-4668-BE54-9A1E7A4F7556}") = "ItsMyConsole.Tools.Template.Example", "ItsMyConsole.Tools.Template.Example\ItsMyConsole.Tools.Template.Example.csproj", "{B585D71B-E60F-4559-9EF0-E7DE1CFB4F3B}"
EndProject
Project("{FAE04EC0-301F-11D3-BF4B-00C04F79EFBC}") = "ItsMyConsole.Tools.Template.Example.Sample", "ItsMyConsole.Tools.Template.Example.Sample\ItsMyConsole.Tools.Template.Example.Sample.csproj", "{3CD4503E-283F-466B-8F20-03D7D72F51EF}"
EndProject
Project("{FAE04EC0-301F-11D3-BF4B-00C04F79EFBC}") = "ItsMyConsole.Tools.Template.Example.Tests", "ItsMyConsole.Tools.Template.Example.Tests\ItsMyConsole.Tools.Template.Example.Tests.csproj", "{A9889A0D-B881-4720-B5B4-710BE3E26797}"
EndProject
Global
	GlobalSection(SolutionConfigurationPlatforms) = preSolution
		Debug|Any CPU = Debug|Any CPU
		Release|Any CPU = Release|Any CPU
	EndGlobalSection
	GlobalSection(ProjectConfigurationPlatforms) = postSolution
		{B585D71B-E60F-4559-9EF0-E7DE1CFB4F3B}.Debug|Any CPU.ActiveCfg = Debug|Any CPU
		{B585D71B-E60F-4559-9EF0-E7DE1CFB4F3B}.Debug|Any CPU.Build.0 = Debug|Any CPU
		{B585D71B-E60F-4559-9EF0-E7DE1CFB4F3B}.Release|Any CPU.ActiveCfg = Release|Any CPU
		{B585D71B-E60F-4559-9EF0-E7DE1CFB4F3B}.Release|Any CPU.Build.0 = Release|Any CPU
		{3CD4503E-283F-466B-8F20-03D7D72F51EF}.Debug|Any CPU.ActiveCfg = Debug|Any CPU
		{3CD4503E-283F-466B-8F20-03D7D72F51EF}.Debug|Any CPU.Build.0 = Debug|Any CPU
		{3CD4503E-283F-466B-8F20-03D7D72F51EF}.Release|Any CPU.ActiveCfg = Release|Any CPU
		{3CD4503E-283F-466B-8F20-03D7D72F51EF}.Release|Any CPU.Build.0 = Release|Any CPU
		{A9889A0D-B881-4720-B5B4-710BE3E26797}.Debug|Any CPU.ActiveCfg = Debug|Any CPU
		{A9889A0D-B881-4720-B5B4-710BE3E26797}.Debug|Any CPU.Build.0 = Debug|Any CPU
		{A9889A0D-B881-4720-B5B4-710BE3E26797}.Release|Any CPU.ActiveCfg = Release|Any CPU
		{A9889A0D-B881-4720-B5B4-710BE3E26797}.Release|Any CPU.Build.0 = Release|Any CPU
	EndGlobalSection
	GlobalSection(SolutionProperties) = preSolution
		HideSolutionNode = FALSE
	EndGlobalSection
	GlobalSection(ExtensibilityGlobals) = postSolution
		SolutionGuid = {A06C90A4-ED8B-474F-8258-A68A225AB939}
	EndGlobalSection
EndGlobal
